
Microsoft Visual Studio Solution File, Format Version 12.00
# Visual Studio Version 17
VisualStudioVersion = 17.0.31919.166
MinimumVisualStudioVersion = 10.0.40219.1
Project("{9A19103F-16F7-4668-BE54-9A1E7A4F7556}") = "MyDbContext", "DbContext\MyDbContext.csproj", "{0E2AF925-89A5-45F8-8C0D-FB674EEFC4DB}"
EndProject
Project("{9A19103F-16F7-4668-BE54-9A1E7A4F7556}") = "Repository", "Repository\Repository.csproj", "{3695DB9F-104E-4A0D-9581-F86DC4DEABD3}"
EndProject
Project("{9A19103F-16F7-4668-BE54-9A1E7A4F7556}") = "Services", "Services\Services.csproj", "{036B41EB-EFE7-452D-AA70-9C4DD322C690}"
EndProject
Project("{9A19103F-16F7-4668-BE54-9A1E7A4F7556}") = "WebAPI", "WebAPI\WebAPI.csproj", "{F9C434B8-16DB-4071-91E5-3F9DB4D8CA6C}"
EndProject
Global
	GlobalSection(SolutionConfigurationPlatforms) = preSolution
		Debug|Any CPU = Debug|Any CPU
		Release|Any CPU = Release|Any CPU
	EndGlobalSection
	GlobalSection(ProjectConfigurationPlatforms) = postSolution
		{0E2AF925-89A5-45F8-8C0D-FB674EEFC4DB}.Debug|Any CPU.ActiveCfg = Debug|Any CPU
		{0E2AF925-89A5-45F8-8C0D-FB674EEFC4DB}.Debug|Any CPU.Build.0 = Debug|Any CPU
		{0E2AF925-89A5-45F8-8C0D-FB674EEFC4DB}.Release|Any CPU.ActiveCfg = Release|Any CPU
		{0E2AF925-89A5-45F8-8C0D-FB674EEFC4DB}.Release|Any CPU.Build.0 = Release|Any CPU
		{3695DB9F-104E-4A0D-9581-F86DC4DEABD3}.Debug|Any CPU.ActiveCfg = Debug|Any CPU
		{3695DB9F-104E-4A0D-9581-F86DC4DEABD3}.Debug|Any CPU.Build.0 = Debug|Any CPU
		{3695DB9F-104E-4A0D-9581-F86DC4DEABD3}.Release|Any CPU.ActiveCfg = Release|Any CPU
		{3695DB9F-104E-4A0D-9581-F86DC4DEABD3}.Release|Any CPU.Build.0 = Release|Any CPU
		{036B41EB-EFE7-452D-AA70-9C4DD322C690}.Debug|Any CPU.ActiveCfg = Debug|Any CPU
		{036B41EB-EFE7-452D-AA70-9C4DD322C690}.Debug|Any CPU.Build.0 = Debug|Any CPU
		{036B41EB-EFE7-452D-AA70-9C4DD322C690}.Release|Any CPU.ActiveCfg = Release|Any CPU
		{036B41EB-EFE7-452D-AA70-9C4DD322C690}.Release|Any CPU.Build.0 = Release|Any CPU
		{F9C434B8-16DB-4071-91E5-3F9DB4D8CA6C}.Debug|Any CPU.ActiveCfg = Debug|Any CPU
		{F9C434B8-16DB-4071-91E5-3F9DB4D8CA6C}.Debug|Any CPU.Build.0 = Debug|Any CPU
		{F9C434B8-16DB-4071-91E5-3F9DB4D8CA6C}.Release|Any CPU.ActiveCfg = Release|Any CPU
		{F9C434B8-16DB-4071-91E5-3F9DB4D8CA6C}.Release|Any CPU.Build.0 = Release|Any CPU
	EndGlobalSection
	GlobalSection(SolutionProperties) = preSolution
		HideSolutionNode = FALSE
	EndGlobalSection
	GlobalSection(ExtensibilityGlobals) = postSolution
		SolutionGuid = {F54C278E-1518-4FE8-9E7E-429ADFC23476}
	EndGlobalSection
EndGlobal
